// !$*UTF8*$!
{
	archiveVersion = 1;
	classes = {
	};
	objectVersion = 50;
	objects = {

/* Begin PBXBuildFile section */
		E25B8B2A26EE7E6900B1EEA8 /* HomeCollectionViewController.swift in Sources */ = {isa = PBXBuildFile; fileRef = E25B8B2926EE7E6900B1EEA8 /* HomeCollectionViewController.swift */; };
		E25B8B2E26EF45F600B1EEA8 /* TestingViewController.swift in Sources */ = {isa = PBXBuildFile; fileRef = E25B8B2D26EF45F600B1EEA8 /* TestingViewController.swift */; };
		E25B8B3026EF4E0500B1EEA8 /* NamedSectionHeader.swift in Sources */ = {isa = PBXBuildFile; fileRef = E25B8B2F26EF4E0500B1EEA8 /* NamedSectionHeader.swift */; };
		E25B8B3226EF66C000B1EEA8 /* NamedSectionItemViewModel.swift in Sources */ = {isa = PBXBuildFile; fileRef = E25B8B3126EF66C000B1EEA8 /* NamedSectionItemViewModel.swift */; };
		E25B8B3426EF820100B1EEA8 /* MealOfTheDayItemViewModel.swift in Sources */ = {isa = PBXBuildFile; fileRef = E25B8B3326EF820100B1EEA8 /* MealOfTheDayItemViewModel.swift */; };
		E25B8B3626EFC13300B1EEA8 /* BaseItemViewModel.swift in Sources */ = {isa = PBXBuildFile; fileRef = E25B8B3526EFC13300B1EEA8 /* BaseItemViewModel.swift */; };
		E25B8B3826EFD4B000B1EEA8 /* BaseSectionViewModel.swift in Sources */ = {isa = PBXBuildFile; fileRef = E25B8B3726EFD4B000B1EEA8 /* BaseSectionViewModel.swift */; };
		E26142D426ED2554008E300E /* ItemViewModel.swift in Sources */ = {isa = PBXBuildFile; fileRef = E26142D326ED2554008E300E /* ItemViewModel.swift */; };
		E26142D826EDFD4E008E300E /* SectionViewModel.swift in Sources */ = {isa = PBXBuildFile; fileRef = E26142D726EDFD4E008E300E /* SectionViewModel.swift */; };
		E26142DA26EE1118008E300E /* MealOfTheDayCell.swift in Sources */ = {isa = PBXBuildFile; fileRef = E26142D926EE1118008E300E /* MealOfTheDayCell.swift */; };
		E26142E026EE2B5A008E300E /* Localizable.strings in Resources */ = {isa = PBXBuildFile; fileRef = E26142E226EE2B5A008E300E /* Localizable.strings */; };
		E2BF7FB826E9109400776BC2 /* AppDelegate.swift in Sources */ = {isa = PBXBuildFile; fileRef = E2BF7FB726E9109400776BC2 /* AppDelegate.swift */; };
		E2BF7FBA26E9109400776BC2 /* SceneDelegate.swift in Sources */ = {isa = PBXBuildFile; fileRef = E2BF7FB926E9109400776BC2 /* SceneDelegate.swift */; };
		E2BF7FC126E9109500776BC2 /* Assets.xcassets in Resources */ = {isa = PBXBuildFile; fileRef = E2BF7FC026E9109500776BC2 /* Assets.xcassets */; };
		E2BF7FC426E9109500776BC2 /* LaunchScreen.storyboard in Resources */ = {isa = PBXBuildFile; fileRef = E2BF7FC226E9109500776BC2 /* LaunchScreen.storyboard */; };
		E2BF7FD326E92AFD00776BC2 /* APIRequest.swift in Sources */ = {isa = PBXBuildFile; fileRef = E2BF7FD226E92AFD00776BC2 /* APIRequest.swift */; };
		E2BF7FD826E939D400776BC2 /* FullMealInfo.swift in Sources */ = {isa = PBXBuildFile; fileRef = E2BF7FD726E939D400776BC2 /* FullMealInfo.swift */; };
		E2BF7FDC26E942C900776BC2 /* AnyCodingKey.swift in Sources */ = {isa = PBXBuildFile; fileRef = E2BF7FDB26E942C900776BC2 /* AnyCodingKey.swift */; };
		E2BF7FE126EA4B3D00776BC2 /* MealsByNameRequest.swift in Sources */ = {isa = PBXBuildFile; fileRef = E2BF7FE026EA4B3D00776BC2 /* MealsByNameRequest.swift */; };
		E2BF7FE326EA4E0F00776BC2 /* MealsByNameResponse.swift in Sources */ = {isa = PBXBuildFile; fileRef = E2BF7FE226EA4E0F00776BC2 /* MealsByNameResponse.swift */; };
		E2BF7FEB26EA4FB100776BC2 /* ServerResponseDecodingTests.swift in Sources */ = {isa = PBXBuildFile; fileRef = E2BF7FEA26EA4FB100776BC2 /* ServerResponseDecodingTests.swift */; };
		E2BF7FF326EA553A00776BC2 /* APIRequestTests.swift in Sources */ = {isa = PBXBuildFile; fileRef = E2BF7FF226EA553A00776BC2 /* APIRequestTests.swift */; };
		E2BF7FF526EA6DE500776BC2 /* MealByIDRequest.swift in Sources */ = {isa = PBXBuildFile; fileRef = E2BF7FF426EA6DE500776BC2 /* MealByIDRequest.swift */; };
		E2BF7FF726EA719100776BC2 /* MealByIDResponse.swift in Sources */ = {isa = PBXBuildFile; fileRef = E2BF7FF626EA719100776BC2 /* MealByIDResponse.swift */; };
		E2C923D926EA8990007A1BC3 /* CategoryListRequest.swift in Sources */ = {isa = PBXBuildFile; fileRef = E2C923D826EA8990007A1BC3 /* CategoryListRequest.swift */; };
		E2C923DB26EA8E26007A1BC3 /* CategoryListResponse.swift in Sources */ = {isa = PBXBuildFile; fileRef = E2C923DA26EA8E26007A1BC3 /* CategoryListResponse.swift */; };
		E2C923DE26EB6318007A1BC3 /* AreaListResponse.swift in Sources */ = {isa = PBXBuildFile; fileRef = E2C923DD26EB6318007A1BC3 /* AreaListResponse.swift */; };
		E2C923E026EB7A7E007A1BC3 /* AreaInfo.swift in Sources */ = {isa = PBXBuildFile; fileRef = E2C923DF26EB7A7E007A1BC3 /* AreaInfo.swift */; };
		E2C923E226EB7F4B007A1BC3 /* AreaListRequest.swift in Sources */ = {isa = PBXBuildFile; fileRef = E2C923E126EB7F4B007A1BC3 /* AreaListRequest.swift */; };
		E2C923E426EB8212007A1BC3 /* IngredientInfo.swift in Sources */ = {isa = PBXBuildFile; fileRef = E2C923E326EB8212007A1BC3 /* IngredientInfo.swift */; };
		E2C923E626EB82CE007A1BC3 /* IngredientListResponse.swift in Sources */ = {isa = PBXBuildFile; fileRef = E2C923E526EB82CE007A1BC3 /* IngredientListResponse.swift */; };
		E2C923E826EB832C007A1BC3 /* IngredientListRequest.swift in Sources */ = {isa = PBXBuildFile; fileRef = E2C923E726EB832C007A1BC3 /* IngredientListRequest.swift */; };
		E2C923EA26EB8623007A1BC3 /* ShortMealInfo.swift in Sources */ = {isa = PBXBuildFile; fileRef = E2C923E926EB8623007A1BC3 /* ShortMealInfo.swift */; };
		E2C923EC26EB87C0007A1BC3 /* IngredientAmount.swift in Sources */ = {isa = PBXBuildFile; fileRef = E2C923EB26EB87C0007A1BC3 /* IngredientAmount.swift */; };
		E2C923EE26EB890C007A1BC3 /* MealsByCategoryResponse.swift in Sources */ = {isa = PBXBuildFile; fileRef = E2C923ED26EB890C007A1BC3 /* MealsByCategoryResponse.swift */; };
		E2C923F026EB9192007A1BC3 /* MealsByCategoryRequest.swift in Sources */ = {isa = PBXBuildFile; fileRef = E2C923EF26EB9192007A1BC3 /* MealsByCategoryRequest.swift */; };
		E2C923F226EB9C30007A1BC3 /* CategoryInfo.swift in Sources */ = {isa = PBXBuildFile; fileRef = E2C923F126EB9C30007A1BC3 /* CategoryInfo.swift */; };
		E2C923F426EBA4CA007A1BC3 /* RandomMealResponse.swift in Sources */ = {isa = PBXBuildFile; fileRef = E2C923F326EBA4CA007A1BC3 /* RandomMealResponse.swift */; };
		E2C923F626EBA599007A1BC3 /* RandomMealRequest.swift in Sources */ = {isa = PBXBuildFile; fileRef = E2C923F526EBA599007A1BC3 /* RandomMealRequest.swift */; };
		E2C923F826EBAEC7007A1BC3 /* MealsByAreaResponse.swift in Sources */ = {isa = PBXBuildFile; fileRef = E2C923F726EBAEC7007A1BC3 /* MealsByAreaResponse.swift */; };
		E2C923FA26EBB00F007A1BC3 /* MealsByAreaRequest.swift in Sources */ = {isa = PBXBuildFile; fileRef = E2C923F926EBB00F007A1BC3 /* MealsByAreaRequest.swift */; };
		E2C923FC26EBB7EF007A1BC3 /* IngredientImageRequest.swift in Sources */ = {isa = PBXBuildFile; fileRef = E2C923FB26EBB7EF007A1BC3 /* IngredientImageRequest.swift */; };
		E2C923FE26EBBB6E007A1BC3 /* ArbitraryImageRequest.swift in Sources */ = {isa = PBXBuildFile; fileRef = E2C923FD26EBBB6E007A1BC3 /* ArbitraryImageRequest.swift */; };
/* End PBXBuildFile section */

/* Begin PBXContainerItemProxy section */
		E2BF7FED26EA4FB100776BC2 /* PBXContainerItemProxy */ = {
			isa = PBXContainerItemProxy;
			containerPortal = E2BF7FAC26E9109400776BC2 /* Project object */;
			proxyType = 1;
			remoteGlobalIDString = E2BF7FB326E9109400776BC2;
			remoteInfo = Cookbook;
		};
/* End PBXContainerItemProxy section */

/* Begin PBXFileReference section */
		E25B8B2926EE7E6900B1EEA8 /* HomeCollectionViewController.swift */ = {isa = PBXFileReference; lastKnownFileType = sourcecode.swift; path = HomeCollectionViewController.swift; sourceTree = "<group>"; };
		E25B8B2D26EF45F600B1EEA8 /* TestingViewController.swift */ = {isa = PBXFileReference; lastKnownFileType = sourcecode.swift; path = TestingViewController.swift; sourceTree = "<group>"; };
		E25B8B2F26EF4E0500B1EEA8 /* NamedSectionHeader.swift */ = {isa = PBXFileReference; lastKnownFileType = sourcecode.swift; path = NamedSectionHeader.swift; sourceTree = "<group>"; };
		E25B8B3126EF66C000B1EEA8 /* NamedSectionItemViewModel.swift */ = {isa = PBXFileReference; lastKnownFileType = sourcecode.swift; path = NamedSectionItemViewModel.swift; sourceTree = "<group>"; };
		E25B8B3326EF820100B1EEA8 /* MealOfTheDayItemViewModel.swift */ = {isa = PBXFileReference; lastKnownFileType = sourcecode.swift; path = MealOfTheDayItemViewModel.swift; sourceTree = "<group>"; };
		E25B8B3526EFC13300B1EEA8 /* BaseItemViewModel.swift */ = {isa = PBXFileReference; lastKnownFileType = sourcecode.swift; path = BaseItemViewModel.swift; sourceTree = "<group>"; };
		E25B8B3726EFD4B000B1EEA8 /* BaseSectionViewModel.swift */ = {isa = PBXFileReference; lastKnownFileType = sourcecode.swift; path = BaseSectionViewModel.swift; sourceTree = "<group>"; };
		E26142D326ED2554008E300E /* ItemViewModel.swift */ = {isa = PBXFileReference; lastKnownFileType = sourcecode.swift; path = ItemViewModel.swift; sourceTree = "<group>"; };
		E26142D726EDFD4E008E300E /* SectionViewModel.swift */ = {isa = PBXFileReference; lastKnownFileType = sourcecode.swift; path = SectionViewModel.swift; sourceTree = "<group>"; };
		E26142D926EE1118008E300E /* MealOfTheDayCell.swift */ = {isa = PBXFileReference; lastKnownFileType = sourcecode.swift; path = MealOfTheDayCell.swift; sourceTree = "<group>"; };
		E26142E126EE2B5A008E300E /* en */ = {isa = PBXFileReference; lastKnownFileType = text.plist.strings; name = en; path = en.lproj/Localizable.strings; sourceTree = "<group>"; };
		E26142E326EE2C13008E300E /* ru */ = {isa = PBXFileReference; lastKnownFileType = text.plist.strings; name = ru; path = ru.lproj/LaunchScreen.strings; sourceTree = "<group>"; };
		E26142E426EE2C13008E300E /* ru */ = {isa = PBXFileReference; lastKnownFileType = text.plist.strings; name = ru; path = ru.lproj/Localizable.strings; sourceTree = "<group>"; };
		E2BF7FB426E9109400776BC2 /* Cookbook.app */ = {isa = PBXFileReference; explicitFileType = wrapper.application; includeInIndex = 0; path = Cookbook.app; sourceTree = BUILT_PRODUCTS_DIR; };
		E2BF7FB726E9109400776BC2 /* AppDelegate.swift */ = {isa = PBXFileReference; lastKnownFileType = sourcecode.swift; path = AppDelegate.swift; sourceTree = "<group>"; };
		E2BF7FB926E9109400776BC2 /* SceneDelegate.swift */ = {isa = PBXFileReference; lastKnownFileType = sourcecode.swift; path = SceneDelegate.swift; sourceTree = "<group>"; };
		E2BF7FC026E9109500776BC2 /* Assets.xcassets */ = {isa = PBXFileReference; lastKnownFileType = folder.assetcatalog; path = Assets.xcassets; sourceTree = "<group>"; };
		E2BF7FC326E9109500776BC2 /* Base */ = {isa = PBXFileReference; lastKnownFileType = file.storyboard; name = Base; path = Base.lproj/LaunchScreen.storyboard; sourceTree = "<group>"; };
		E2BF7FC526E9109500776BC2 /* Info.plist */ = {isa = PBXFileReference; lastKnownFileType = text.plist.xml; path = Info.plist; sourceTree = "<group>"; };
		E2BF7FD226E92AFD00776BC2 /* APIRequest.swift */ = {isa = PBXFileReference; lastKnownFileType = sourcecode.swift; path = APIRequest.swift; sourceTree = "<group>"; };
		E2BF7FD726E939D400776BC2 /* FullMealInfo.swift */ = {isa = PBXFileReference; lastKnownFileType = sourcecode.swift; path = FullMealInfo.swift; sourceTree = "<group>"; };
		E2BF7FDB26E942C900776BC2 /* AnyCodingKey.swift */ = {isa = PBXFileReference; lastKnownFileType = sourcecode.swift; path = AnyCodingKey.swift; sourceTree = "<group>"; };
		E2BF7FE026EA4B3D00776BC2 /* MealsByNameRequest.swift */ = {isa = PBXFileReference; lastKnownFileType = sourcecode.swift; path = MealsByNameRequest.swift; sourceTree = "<group>"; };
		E2BF7FE226EA4E0F00776BC2 /* MealsByNameResponse.swift */ = {isa = PBXFileReference; lastKnownFileType = sourcecode.swift; path = MealsByNameResponse.swift; sourceTree = "<group>"; };
		E2BF7FE826EA4FB100776BC2 /* CookbookTests.xctest */ = {isa = PBXFileReference; explicitFileType = wrapper.cfbundle; includeInIndex = 0; path = CookbookTests.xctest; sourceTree = BUILT_PRODUCTS_DIR; };
		E2BF7FEA26EA4FB100776BC2 /* ServerResponseDecodingTests.swift */ = {isa = PBXFileReference; lastKnownFileType = sourcecode.swift; path = ServerResponseDecodingTests.swift; sourceTree = "<group>"; };
		E2BF7FEC26EA4FB100776BC2 /* Info.plist */ = {isa = PBXFileReference; lastKnownFileType = text.plist.xml; path = Info.plist; sourceTree = "<group>"; };
		E2BF7FF226EA553A00776BC2 /* APIRequestTests.swift */ = {isa = PBXFileReference; lastKnownFileType = sourcecode.swift; path = APIRequestTests.swift; sourceTree = "<group>"; };
		E2BF7FF426EA6DE500776BC2 /* MealByIDRequest.swift */ = {isa = PBXFileReference; lastKnownFileType = sourcecode.swift; path = MealByIDRequest.swift; sourceTree = "<group>"; };
		E2BF7FF626EA719100776BC2 /* MealByIDResponse.swift */ = {isa = PBXFileReference; lastKnownFileType = sourcecode.swift; path = MealByIDResponse.swift; sourceTree = "<group>"; };
		E2C923D826EA8990007A1BC3 /* CategoryListRequest.swift */ = {isa = PBXFileReference; lastKnownFileType = sourcecode.swift; path = CategoryListRequest.swift; sourceTree = "<group>"; };
		E2C923DA26EA8E26007A1BC3 /* CategoryListResponse.swift */ = {isa = PBXFileReference; lastKnownFileType = sourcecode.swift; path = CategoryListResponse.swift; sourceTree = "<group>"; };
		E2C923DD26EB6318007A1BC3 /* AreaListResponse.swift */ = {isa = PBXFileReference; lastKnownFileType = sourcecode.swift; path = AreaListResponse.swift; sourceTree = "<group>"; };
		E2C923DF26EB7A7E007A1BC3 /* AreaInfo.swift */ = {isa = PBXFileReference; lastKnownFileType = sourcecode.swift; path = AreaInfo.swift; sourceTree = "<group>"; };
		E2C923E126EB7F4B007A1BC3 /* AreaListRequest.swift */ = {isa = PBXFileReference; lastKnownFileType = sourcecode.swift; path = AreaListRequest.swift; sourceTree = "<group>"; };
		E2C923E326EB8212007A1BC3 /* IngredientInfo.swift */ = {isa = PBXFileReference; lastKnownFileType = sourcecode.swift; path = IngredientInfo.swift; sourceTree = "<group>"; };
		E2C923E526EB82CE007A1BC3 /* IngredientListResponse.swift */ = {isa = PBXFileReference; lastKnownFileType = sourcecode.swift; path = IngredientListResponse.swift; sourceTree = "<group>"; };
		E2C923E726EB832C007A1BC3 /* IngredientListRequest.swift */ = {isa = PBXFileReference; lastKnownFileType = sourcecode.swift; path = IngredientListRequest.swift; sourceTree = "<group>"; };
		E2C923E926EB8623007A1BC3 /* ShortMealInfo.swift */ = {isa = PBXFileReference; lastKnownFileType = sourcecode.swift; path = ShortMealInfo.swift; sourceTree = "<group>"; };
		E2C923EB26EB87C0007A1BC3 /* IngredientAmount.swift */ = {isa = PBXFileReference; lastKnownFileType = sourcecode.swift; path = IngredientAmount.swift; sourceTree = "<group>"; };
		E2C923ED26EB890C007A1BC3 /* MealsByCategoryResponse.swift */ = {isa = PBXFileReference; lastKnownFileType = sourcecode.swift; path = MealsByCategoryResponse.swift; sourceTree = "<group>"; };
		E2C923EF26EB9192007A1BC3 /* MealsByCategoryRequest.swift */ = {isa = PBXFileReference; lastKnownFileType = sourcecode.swift; path = MealsByCategoryRequest.swift; sourceTree = "<group>"; };
		E2C923F126EB9C30007A1BC3 /* CategoryInfo.swift */ = {isa = PBXFileReference; lastKnownFileType = sourcecode.swift; path = CategoryInfo.swift; sourceTree = "<group>"; };
		E2C923F326EBA4CA007A1BC3 /* RandomMealResponse.swift */ = {isa = PBXFileReference; lastKnownFileType = sourcecode.swift; path = RandomMealResponse.swift; sourceTree = "<group>"; };
		E2C923F526EBA599007A1BC3 /* RandomMealRequest.swift */ = {isa = PBXFileReference; lastKnownFileType = sourcecode.swift; path = RandomMealRequest.swift; sourceTree = "<group>"; };
		E2C923F726EBAEC7007A1BC3 /* MealsByAreaResponse.swift */ = {isa = PBXFileReference; lastKnownFileType = sourcecode.swift; path = MealsByAreaResponse.swift; sourceTree = "<group>"; };
		E2C923F926EBB00F007A1BC3 /* MealsByAreaRequest.swift */ = {isa = PBXFileReference; lastKnownFileType = sourcecode.swift; path = MealsByAreaRequest.swift; sourceTree = "<group>"; };
		E2C923FB26EBB7EF007A1BC3 /* IngredientImageRequest.swift */ = {isa = PBXFileReference; lastKnownFileType = sourcecode.swift; path = IngredientImageRequest.swift; sourceTree = "<group>"; };
		E2C923FD26EBBB6E007A1BC3 /* ArbitraryImageRequest.swift */ = {isa = PBXFileReference; lastKnownFileType = sourcecode.swift; path = ArbitraryImageRequest.swift; sourceTree = "<group>"; };
/* End PBXFileReference section */

/* Begin PBXFrameworksBuildPhase section */
		E2BF7FB126E9109400776BC2 /* Frameworks */ = {
			isa = PBXFrameworksBuildPhase;
			buildActionMask = 2147483647;
			files = (
			);
			runOnlyForDeploymentPostprocessing = 0;
		};
		E2BF7FE526EA4FB100776BC2 /* Frameworks */ = {
			isa = PBXFrameworksBuildPhase;
			buildActionMask = 2147483647;
			files = (
			);
			runOnlyForDeploymentPostprocessing = 0;
		};
/* End PBXFrameworksBuildPhase section */

/* Begin PBXGroup section */
		E26142DB26EE112D008E300E /* ViewModels */ = {
			isa = PBXGroup;
			children = (
				E25B8B3526EFC13300B1EEA8 /* BaseItemViewModel.swift */,
				E25B8B3726EFD4B000B1EEA8 /* BaseSectionViewModel.swift */,
				E25B8B3326EF820100B1EEA8 /* MealOfTheDayItemViewModel.swift */,
				E25B8B3126EF66C000B1EEA8 /* NamedSectionItemViewModel.swift */,
			);
			path = ViewModels;
			sourceTree = "<group>";
		};
		E2BF7FAB26E9109400776BC2 = {
			isa = PBXGroup;
			children = (
				E2BF7FB626E9109400776BC2 /* Cookbook */,
				E2BF7FE926EA4FB100776BC2 /* CookbookTests */,
				E2BF7FB526E9109400776BC2 /* Products */,
			);
			sourceTree = "<group>";
		};
		E2BF7FB526E9109400776BC2 /* Products */ = {
			isa = PBXGroup;
			children = (
				E2BF7FB426E9109400776BC2 /* Cookbook.app */,
				E2BF7FE826EA4FB100776BC2 /* CookbookTests.xctest */,
			);
			name = Products;
			sourceTree = "<group>";
		};
		E2BF7FB626E9109400776BC2 /* Cookbook */ = {
			isa = PBXGroup;
			children = (
				E2BF7FDD26E9446F00776BC2 /* APIService */,
				E2BF7FCB26E91F6900776BC2 /* AppDelegate */,
				E2BF7FCD26E91F8000776BC2 /* Controllers */,
				E2BF7FD126E91F9100776BC2 /* Extensions */,
				E2BF7FCE26E91F8800776BC2 /* Models */,
				E2BF7FD026E91F8E00776BC2 /* Protocols */,
				E2BF7FCF26E91F8B00776BC2 /* Resources */,
				E26142DB26EE112D008E300E /* ViewModels */,
				E2BF7FCC26E91F7C00776BC2 /* Views */,
			);
			path = Cookbook;
			sourceTree = "<group>";
		};
		E2BF7FCB26E91F6900776BC2 /* AppDelegate */ = {
			isa = PBXGroup;
			children = (
				E2BF7FB726E9109400776BC2 /* AppDelegate.swift */,
				E2BF7FB926E9109400776BC2 /* SceneDelegate.swift */,
			);
			path = AppDelegate;
			sourceTree = "<group>";
		};
		E2BF7FCC26E91F7C00776BC2 /* Views */ = {
			isa = PBXGroup;
			children = (
				E2BF7FC226E9109500776BC2 /* LaunchScreen.storyboard */,
				E26142D926EE1118008E300E /* MealOfTheDayCell.swift */,
				E25B8B2F26EF4E0500B1EEA8 /* NamedSectionHeader.swift */,
			);
			path = Views;
			sourceTree = "<group>";
		};
		E2BF7FCD26E91F8000776BC2 /* Controllers */ = {
			isa = PBXGroup;
			children = (
				E25B8B2926EE7E6900B1EEA8 /* HomeCollectionViewController.swift */,
				E25B8B2D26EF45F600B1EEA8 /* TestingViewController.swift */,
			);
			path = Controllers;
			sourceTree = "<group>";
		};
		E2BF7FCE26E91F8800776BC2 /* Models */ = {
			isa = PBXGroup;
			children = (
				E2C923DF26EB7A7E007A1BC3 /* AreaInfo.swift */,
				E2C923F126EB9C30007A1BC3 /* CategoryInfo.swift */,
				E2BF7FD726E939D400776BC2 /* FullMealInfo.swift */,
				E2C923EB26EB87C0007A1BC3 /* IngredientAmount.swift */,
				E2C923E326EB8212007A1BC3 /* IngredientInfo.swift */,
				E2C923E926EB8623007A1BC3 /* ShortMealInfo.swift */,
			);
			path = Models;
			sourceTree = "<group>";
		};
		E2BF7FCF26E91F8B00776BC2 /* Resources */ = {
			isa = PBXGroup;
			children = (
				E2BF7FC026E9109500776BC2 /* Assets.xcassets */,
				E2BF7FC526E9109500776BC2 /* Info.plist */,
				E26142E226EE2B5A008E300E /* Localizable.strings */,
			);
			path = Resources;
			sourceTree = "<group>";
		};
		E2BF7FD026E91F8E00776BC2 /* Protocols */ = {
			isa = PBXGroup;
			children = (
				E2BF7FD226E92AFD00776BC2 /* APIRequest.swift */,
				E26142D326ED2554008E300E /* ItemViewModel.swift */,
				E26142D726EDFD4E008E300E /* SectionViewModel.swift */,
			);
			path = Protocols;
			sourceTree = "<group>";
		};
		E2BF7FD126E91F9100776BC2 /* Extensions */ = {
			isa = PBXGroup;
			children = (
			);
			path = Extensions;
			sourceTree = "<group>";
		};
		E2BF7FDD26E9446F00776BC2 /* APIService */ = {
			isa = PBXGroup;
			children = (
				E2BF7FF826EA71AB00776BC2 /* Requests */,
				E2BF7FF926EA71AF00776BC2 /* Responses */,
				E2BF7FFA26EA71B500776BC2 /* Utility */,
			);
			path = APIService;
			sourceTree = "<group>";
		};
		E2BF7FE926EA4FB100776BC2 /* CookbookTests */ = {
			isa = PBXGroup;
			children = (
				E2BF7FEC26EA4FB100776BC2 /* Info.plist */,
				E2BF7FF226EA553A00776BC2 /* APIRequestTests.swift */,
				E2BF7FEA26EA4FB100776BC2 /* ServerResponseDecodingTests.swift */,
			);
			path = CookbookTests;
			sourceTree = "<group>";
		};
		E2BF7FF826EA71AB00776BC2 /* Requests */ = {
			isa = PBXGroup;
			children = (
				E2C923E126EB7F4B007A1BC3 /* AreaListRequest.swift */,
				E2C923D826EA8990007A1BC3 /* CategoryListRequest.swift */,
				E2C923E726EB832C007A1BC3 /* IngredientListRequest.swift */,
				E2BF7FF426EA6DE500776BC2 /* MealByIDRequest.swift */,
				E2C923F926EBB00F007A1BC3 /* MealsByAreaRequest.swift */,
				E2C923EF26EB9192007A1BC3 /* MealsByCategoryRequest.swift */,
				E2BF7FE026EA4B3D00776BC2 /* MealsByNameRequest.swift */,
				E2C923F526EBA599007A1BC3 /* RandomMealRequest.swift */,
				E2C923FB26EBB7EF007A1BC3 /* IngredientImageRequest.swift */,
				E2C923FD26EBBB6E007A1BC3 /* ArbitraryImageRequest.swift */,
			);
			path = Requests;
			sourceTree = "<group>";
		};
		E2BF7FF926EA71AF00776BC2 /* Responses */ = {
			isa = PBXGroup;
			children = (
				E2C923DD26EB6318007A1BC3 /* AreaListResponse.swift */,
				E2C923DA26EA8E26007A1BC3 /* CategoryListResponse.swift */,
				E2C923E526EB82CE007A1BC3 /* IngredientListResponse.swift */,
				E2BF7FF626EA719100776BC2 /* MealByIDResponse.swift */,
				E2C923F726EBAEC7007A1BC3 /* MealsByAreaResponse.swift */,
				E2C923ED26EB890C007A1BC3 /* MealsByCategoryResponse.swift */,
				E2BF7FE226EA4E0F00776BC2 /* MealsByNameResponse.swift */,
				E2C923F326EBA4CA007A1BC3 /* RandomMealResponse.swift */,
			);
			path = Responses;
			sourceTree = "<group>";
		};
		E2BF7FFA26EA71B500776BC2 /* Utility */ = {
			isa = PBXGroup;
			children = (
				E2BF7FDB26E942C900776BC2 /* AnyCodingKey.swift */,
			);
			path = Utility;
			sourceTree = "<group>";
		};
/* End PBXGroup section */

/* Begin PBXNativeTarget section */
		E2BF7FB326E9109400776BC2 /* Cookbook */ = {
			isa = PBXNativeTarget;
			buildConfigurationList = E2BF7FC826E9109500776BC2 /* Build configuration list for PBXNativeTarget "Cookbook" */;
			buildPhases = (
				E2BF7FB026E9109400776BC2 /* Sources */,
				E2BF7FB126E9109400776BC2 /* Frameworks */,
				E2BF7FB226E9109400776BC2 /* Resources */,
			);
			buildRules = (
			);
			dependencies = (
			);
			name = Cookbook;
			productName = Cookbook;
			productReference = E2BF7FB426E9109400776BC2 /* Cookbook.app */;
			productType = "com.apple.product-type.application";
		};
		E2BF7FE726EA4FB100776BC2 /* CookbookTests */ = {
			isa = PBXNativeTarget;
			buildConfigurationList = E2BF7FEF26EA4FB100776BC2 /* Build configuration list for PBXNativeTarget "CookbookTests" */;
			buildPhases = (
				E2BF7FE426EA4FB100776BC2 /* Sources */,
				E2BF7FE526EA4FB100776BC2 /* Frameworks */,
				E2BF7FE626EA4FB100776BC2 /* Resources */,
			);
			buildRules = (
			);
			dependencies = (
				E2BF7FEE26EA4FB100776BC2 /* PBXTargetDependency */,
			);
			name = CookbookTests;
			productName = CookbookTests;
			productReference = E2BF7FE826EA4FB100776BC2 /* CookbookTests.xctest */;
			productType = "com.apple.product-type.bundle.unit-test";
		};
/* End PBXNativeTarget section */

/* Begin PBXProject section */
		E2BF7FAC26E9109400776BC2 /* Project object */ = {
			isa = PBXProject;
			attributes = {
				LastSwiftUpdateCheck = 1250;
				LastUpgradeCheck = 1250;
				TargetAttributes = {
					E2BF7FB326E9109400776BC2 = {
						CreatedOnToolsVersion = 12.5.1;
					};
					E2BF7FE726EA4FB100776BC2 = {
						CreatedOnToolsVersion = 12.5.1;
						TestTargetID = E2BF7FB326E9109400776BC2;
					};
				};
			};
			buildConfigurationList = E2BF7FAF26E9109400776BC2 /* Build configuration list for PBXProject "Cookbook" */;
			compatibilityVersion = "Xcode 9.3";
			developmentRegion = en;
			hasScannedForEncodings = 0;
			knownRegions = (
				en,
				Base,
				ru,
			);
			mainGroup = E2BF7FAB26E9109400776BC2;
			productRefGroup = E2BF7FB526E9109400776BC2 /* Products */;
			projectDirPath = "";
			projectRoot = "";
			targets = (
				E2BF7FB326E9109400776BC2 /* Cookbook */,
				E2BF7FE726EA4FB100776BC2 /* CookbookTests */,
			);
		};
/* End PBXProject section */

/* Begin PBXResourcesBuildPhase section */
		E2BF7FB226E9109400776BC2 /* Resources */ = {
			isa = PBXResourcesBuildPhase;
			buildActionMask = 2147483647;
			files = (
				E2BF7FC426E9109500776BC2 /* LaunchScreen.storyboard in Resources */,
				E26142E026EE2B5A008E300E /* Localizable.strings in Resources */,
				E2BF7FC126E9109500776BC2 /* Assets.xcassets in Resources */,
			);
			runOnlyForDeploymentPostprocessing = 0;
		};
		E2BF7FE626EA4FB100776BC2 /* Resources */ = {
			isa = PBXResourcesBuildPhase;
			buildActionMask = 2147483647;
			files = (
			);
			runOnlyForDeploymentPostprocessing = 0;
		};
/* End PBXResourcesBuildPhase section */

/* Begin PBXSourcesBuildPhase section */
		E2BF7FB026E9109400776BC2 /* Sources */ = {
			isa = PBXSourcesBuildPhase;
			buildActionMask = 2147483647;
			files = (
				E2BF7FF526EA6DE500776BC2 /* MealByIDRequest.swift in Sources */,
				E2BF7FD826E939D400776BC2 /* FullMealInfo.swift in Sources */,
				E26142DA26EE1118008E300E /* MealOfTheDayCell.swift in Sources */,
				E25B8B3226EF66C000B1EEA8 /* NamedSectionItemViewModel.swift in Sources */,
				E2BF7FDC26E942C900776BC2 /* AnyCodingKey.swift in Sources */,
				E2C923F826EBAEC7007A1BC3 /* MealsByAreaResponse.swift in Sources */,
				E2C923FA26EBB00F007A1BC3 /* MealsByAreaRequest.swift in Sources */,
				E2BF7FE326EA4E0F00776BC2 /* MealsByNameResponse.swift in Sources */,
				E25B8B3426EF820100B1EEA8 /* MealOfTheDayItemViewModel.swift in Sources */,
				E2C923E826EB832C007A1BC3 /* IngredientListRequest.swift in Sources */,
				E2C923E026EB7A7E007A1BC3 /* AreaInfo.swift in Sources */,
				E2C923EC26EB87C0007A1BC3 /* IngredientAmount.swift in Sources */,
				E2C923DB26EA8E26007A1BC3 /* CategoryListResponse.swift in Sources */,
				E2C923F026EB9192007A1BC3 /* MealsByCategoryRequest.swift in Sources */,
				E2BF7FE126EA4B3D00776BC2 /* MealsByNameRequest.swift in Sources */,
				E2C923FE26EBBB6E007A1BC3 /* ArbitraryImageRequest.swift in Sources */,
				E2C923D926EA8990007A1BC3 /* CategoryListRequest.swift in Sources */,
				E2C923F626EBA599007A1BC3 /* RandomMealRequest.swift in Sources */,
				E25B8B3626EFC13300B1EEA8 /* BaseItemViewModel.swift in Sources */,
				E2C923FC26EBB7EF007A1BC3 /* IngredientImageRequest.swift in Sources */,
				E2C923E226EB7F4B007A1BC3 /* AreaListRequest.swift in Sources */,
				E2C923E426EB8212007A1BC3 /* IngredientInfo.swift in Sources */,
				E2BF7FF726EA719100776BC2 /* MealByIDResponse.swift in Sources */,
				E2C923E626EB82CE007A1BC3 /* IngredientListResponse.swift in Sources */,
				E25B8B2A26EE7E6900B1EEA8 /* HomeCollectionViewController.swift in Sources */,
				E2C923F226EB9C30007A1BC3 /* CategoryInfo.swift in Sources */,
				E26142D426ED2554008E300E /* ItemViewModel.swift in Sources */,
				E2BF7FB826E9109400776BC2 /* AppDelegate.swift in Sources */,
				E2C923F426EBA4CA007A1BC3 /* RandomMealResponse.swift in Sources */,
				E2C923DE26EB6318007A1BC3 /* AreaListResponse.swift in Sources */,
				E2C923EA26EB8623007A1BC3 /* ShortMealInfo.swift in Sources */,
				E25B8B3826EFD4B000B1EEA8 /* BaseSectionViewModel.swift in Sources */,
				E25B8B3026EF4E0500B1EEA8 /* NamedSectionHeader.swift in Sources */,
				E25B8B2E26EF45F600B1EEA8 /* TestingViewController.swift in Sources */,
				E2BF7FD326E92AFD00776BC2 /* APIRequest.swift in Sources */,
				E2C923EE26EB890C007A1BC3 /* MealsByCategoryResponse.swift in Sources */,
				E26142D826EDFD4E008E300E /* SectionViewModel.swift in Sources */,
				E2BF7FBA26E9109400776BC2 /* SceneDelegate.swift in Sources */,
			);
			runOnlyForDeploymentPostprocessing = 0;
		};
		E2BF7FE426EA4FB100776BC2 /* Sources */ = {
			isa = PBXSourcesBuildPhase;
			buildActionMask = 2147483647;
			files = (
				E2BF7FF326EA553A00776BC2 /* APIRequestTests.swift in Sources */,
				E2BF7FEB26EA4FB100776BC2 /* ServerResponseDecodingTests.swift in Sources */,
			);
			runOnlyForDeploymentPostprocessing = 0;
		};
/* End PBXSourcesBuildPhase section */

/* Begin PBXTargetDependency section */
		E2BF7FEE26EA4FB100776BC2 /* PBXTargetDependency */ = {
			isa = PBXTargetDependency;
			target = E2BF7FB326E9109400776BC2 /* Cookbook */;
			targetProxy = E2BF7FED26EA4FB100776BC2 /* PBXContainerItemProxy */;
		};
/* End PBXTargetDependency section */

/* Begin PBXVariantGroup section */
		E26142E226EE2B5A008E300E /* Localizable.strings */ = {
			isa = PBXVariantGroup;
			children = (
				E26142E126EE2B5A008E300E /* en */,
				E26142E426EE2C13008E300E /* ru */,
			);
			name = Localizable.strings;
			sourceTree = "<group>";
		};
		E2BF7FC226E9109500776BC2 /* LaunchScreen.storyboard */ = {
			isa = PBXVariantGroup;
			children = (
				E2BF7FC326E9109500776BC2 /* Base */,
				E26142E326EE2C13008E300E /* ru */,
			);
			name = LaunchScreen.storyboard;
			sourceTree = "<group>";
		};
/* End PBXVariantGroup section */

/* Begin XCBuildConfiguration section */
		E2BF7FC626E9109500776BC2 /* Debug */ = {
			isa = XCBuildConfiguration;
			buildSettings = {
				ALWAYS_SEARCH_USER_PATHS = NO;
				CLANG_ANALYZER_LOCALIZABILITY_NONLOCALIZED = YES;
				CLANG_ANALYZER_NONNULL = YES;
				CLANG_ANALYZER_NUMBER_OBJECT_CONVERSION = YES_AGGRESSIVE;
				CLANG_CXX_LANGUAGE_STANDARD = "gnu++14";
				CLANG_CXX_LIBRARY = "libc++";
				CLANG_ENABLE_MODULES = YES;
				CLANG_ENABLE_OBJC_ARC = YES;
				CLANG_ENABLE_OBJC_WEAK = YES;
				CLANG_WARN_BLOCK_CAPTURE_AUTORELEASING = YES;
				CLANG_WARN_BOOL_CONVERSION = YES;
				CLANG_WARN_COMMA = YES;
				CLANG_WARN_CONSTANT_CONVERSION = YES;
				CLANG_WARN_DEPRECATED_OBJC_IMPLEMENTATIONS = YES;
				CLANG_WARN_DIRECT_OBJC_ISA_USAGE = YES_ERROR;
				CLANG_WARN_DOCUMENTATION_COMMENTS = YES;
				CLANG_WARN_EMPTY_BODY = YES;
				CLANG_WARN_ENUM_CONVERSION = YES;
				CLANG_WARN_INFINITE_RECURSION = YES;
				CLANG_WARN_INT_CONVERSION = YES;
				CLANG_WARN_NON_LITERAL_NULL_CONVERSION = YES;
				CLANG_WARN_OBJC_IMPLICIT_RETAIN_SELF = YES;
				CLANG_WARN_OBJC_LITERAL_CONVERSION = YES;
				CLANG_WARN_OBJC_ROOT_CLASS = YES_ERROR;
				CLANG_WARN_QUOTED_INCLUDE_IN_FRAMEWORK_HEADER = YES;
				CLANG_WARN_RANGE_LOOP_ANALYSIS = YES;
				CLANG_WARN_STRICT_PROTOTYPES = YES;
				CLANG_WARN_SUSPICIOUS_MOVE = YES;
				CLANG_WARN_UNGUARDED_AVAILABILITY = YES_AGGRESSIVE;
				CLANG_WARN_UNREACHABLE_CODE = YES;
				CLANG_WARN__DUPLICATE_METHOD_MATCH = YES;
				COPY_PHASE_STRIP = NO;
				DEBUG_INFORMATION_FORMAT = dwarf;
				ENABLE_STRICT_OBJC_MSGSEND = YES;
				ENABLE_TESTABILITY = YES;
				GCC_C_LANGUAGE_STANDARD = gnu11;
				GCC_DYNAMIC_NO_PIC = NO;
				GCC_NO_COMMON_BLOCKS = YES;
				GCC_OPTIMIZATION_LEVEL = 0;
				GCC_PREPROCESSOR_DEFINITIONS = (
					"DEBUG=1",
					"$(inherited)",
				);
				GCC_WARN_64_TO_32_BIT_CONVERSION = YES;
				GCC_WARN_ABOUT_RETURN_TYPE = YES_ERROR;
				GCC_WARN_UNDECLARED_SELECTOR = YES;
				GCC_WARN_UNINITIALIZED_AUTOS = YES_AGGRESSIVE;
				GCC_WARN_UNUSED_FUNCTION = YES;
				GCC_WARN_UNUSED_VARIABLE = YES;
				IPHONEOS_DEPLOYMENT_TARGET = 14.5;
				MTL_ENABLE_DEBUG_INFO = INCLUDE_SOURCE;
				MTL_FAST_MATH = YES;
				ONLY_ACTIVE_ARCH = YES;
				SDKROOT = iphoneos;
				SWIFT_ACTIVE_COMPILATION_CONDITIONS = DEBUG;
				SWIFT_OPTIMIZATION_LEVEL = "-Onone";
			};
			name = Debug;
		};
		E2BF7FC726E9109500776BC2 /* Release */ = {
			isa = XCBuildConfiguration;
			buildSettings = {
				ALWAYS_SEARCH_USER_PATHS = NO;
				CLANG_ANALYZER_LOCALIZABILITY_NONLOCALIZED = YES;
				CLANG_ANALYZER_NONNULL = YES;
				CLANG_ANALYZER_NUMBER_OBJECT_CONVERSION = YES_AGGRESSIVE;
				CLANG_CXX_LANGUAGE_STANDARD = "gnu++14";
				CLANG_CXX_LIBRARY = "libc++";
				CLANG_ENABLE_MODULES = YES;
				CLANG_ENABLE_OBJC_ARC = YES;
				CLANG_ENABLE_OBJC_WEAK = YES;
				CLANG_WARN_BLOCK_CAPTURE_AUTORELEASING = YES;
				CLANG_WARN_BOOL_CONVERSION = YES;
				CLANG_WARN_COMMA = YES;
				CLANG_WARN_CONSTANT_CONVERSION = YES;
				CLANG_WARN_DEPRECATED_OBJC_IMPLEMENTATIONS = YES;
				CLANG_WARN_DIRECT_OBJC_ISA_USAGE = YES_ERROR;
				CLANG_WARN_DOCUMENTATION_COMMENTS = YES;
				CLANG_WARN_EMPTY_BODY = YES;
				CLANG_WARN_ENUM_CONVERSION = YES;
				CLANG_WARN_INFINITE_RECURSION = YES;
				CLANG_WARN_INT_CONVERSION = YES;
				CLANG_WARN_NON_LITERAL_NULL_CONVERSION = YES;
				CLANG_WARN_OBJC_IMPLICIT_RETAIN_SELF = YES;
				CLANG_WARN_OBJC_LITERAL_CONVERSION = YES;
				CLANG_WARN_OBJC_ROOT_CLASS = YES_ERROR;
				CLANG_WARN_QUOTED_INCLUDE_IN_FRAMEWORK_HEADER = YES;
				CLANG_WARN_RANGE_LOOP_ANALYSIS = YES;
				CLANG_WARN_STRICT_PROTOTYPES = YES;
				CLANG_WARN_SUSPICIOUS_MOVE = YES;
				CLANG_WARN_UNGUARDED_AVAILABILITY = YES_AGGRESSIVE;
				CLANG_WARN_UNREACHABLE_CODE = YES;
				CLANG_WARN__DUPLICATE_METHOD_MATCH = YES;
				COPY_PHASE_STRIP = NO;
				DEBUG_INFORMATION_FORMAT = "dwarf-with-dsym";
				ENABLE_NS_ASSERTIONS = NO;
				ENABLE_STRICT_OBJC_MSGSEND = YES;
				GCC_C_LANGUAGE_STANDARD = gnu11;
				GCC_NO_COMMON_BLOCKS = YES;
				GCC_WARN_64_TO_32_BIT_CONVERSION = YES;
				GCC_WARN_ABOUT_RETURN_TYPE = YES_ERROR;
				GCC_WARN_UNDECLARED_SELECTOR = YES;
				GCC_WARN_UNINITIALIZED_AUTOS = YES_AGGRESSIVE;
				GCC_WARN_UNUSED_FUNCTION = YES;
				GCC_WARN_UNUSED_VARIABLE = YES;
				IPHONEOS_DEPLOYMENT_TARGET = 14.5;
				MTL_ENABLE_DEBUG_INFO = NO;
				MTL_FAST_MATH = YES;
				SDKROOT = iphoneos;
				SWIFT_COMPILATION_MODE = wholemodule;
				SWIFT_OPTIMIZATION_LEVEL = "-O";
				VALIDATE_PRODUCT = YES;
			};
			name = Release;
		};
		E2BF7FC926E9109500776BC2 /* Debug */ = {
			isa = XCBuildConfiguration;
			buildSettings = {
				ASSETCATALOG_COMPILER_APPICON_NAME = AppIcon;
				ASSETCATALOG_COMPILER_GLOBAL_ACCENT_COLOR_NAME = AccentColor;
				CODE_SIGN_STYLE = Automatic;
				DEVELOPMENT_TEAM = HCW5LR94BF;
				INFOPLIST_FILE = Cookbook/Resources/Info.plist;
				LD_RUNPATH_SEARCH_PATHS = (
					"$(inherited)",
					"@executable_path/Frameworks",
				);
				MARKETING_VERSION = 1.0;
				PRODUCT_BUNDLE_IDENTIFIER = com.dkdev.Cookbook;
				PRODUCT_NAME = "$(TARGET_NAME)";
				SWIFT_VERSION = 5.0;
				TARGETED_DEVICE_FAMILY = 1;
			};
			name = Debug;
		};
		E2BF7FCA26E9109500776BC2 /* Release */ = {
			isa = XCBuildConfiguration;
			buildSettings = {
				ASSETCATALOG_COMPILER_APPICON_NAME = AppIcon;
				ASSETCATALOG_COMPILER_GLOBAL_ACCENT_COLOR_NAME = AccentColor;
				CODE_SIGN_STYLE = Automatic;
				DEVELOPMENT_TEAM = HCW5LR94BF;
				INFOPLIST_FILE = Cookbook/Resources/Info.plist;
				LD_RUNPATH_SEARCH_PATHS = (
					"$(inherited)",
					"@executable_path/Frameworks",
				);
				MARKETING_VERSION = 1.0;
				PRODUCT_BUNDLE_IDENTIFIER = com.dkdev.Cookbook;
				PRODUCT_NAME = "$(TARGET_NAME)";
				SWIFT_VERSION = 5.0;
				TARGETED_DEVICE_FAMILY = 1;
			};
			name = Release;
		};
		E2BF7FF026EA4FB100776BC2 /* Debug */ = {
			isa = XCBuildConfiguration;
			buildSettings = {
				BUNDLE_LOADER = "$(TEST_HOST)";
				CODE_SIGN_STYLE = Automatic;
				DEVELOPMENT_TEAM = HCW5LR94BF;
				INFOPLIST_FILE = CookbookTests/Info.plist;
				LD_RUNPATH_SEARCH_PATHS = (
					"$(inherited)",
					"@executable_path/Frameworks",
					"@loader_path/Frameworks",
				);
				PRODUCT_BUNDLE_IDENTIFIER = com.dkdev.CookbookTests;
				PRODUCT_NAME = "$(TARGET_NAME)";
				SWIFT_VERSION = 5.0;
				TARGETED_DEVICE_FAMILY = "1,2";
				TEST_HOST = "$(BUILT_PRODUCTS_DIR)/Cookbook.app/Cookbook";
			};
			name = Debug;
		};
		E2BF7FF126EA4FB100776BC2 /* Release */ = {
			isa = XCBuildConfiguration;
			buildSettings = {
				BUNDLE_LOADER = "$(TEST_HOST)";
				CODE_SIGN_STYLE = Automatic;
				DEVELOPMENT_TEAM = HCW5LR94BF;
				INFOPLIST_FILE = CookbookTests/Info.plist;
				LD_RUNPATH_SEARCH_PATHS = (
					"$(inherited)",
					"@executable_path/Frameworks",
					"@loader_path/Frameworks",
				);
				PRODUCT_BUNDLE_IDENTIFIER = com.dkdev.CookbookTests;
				PRODUCT_NAME = "$(TARGET_NAME)";
				SWIFT_VERSION = 5.0;
				TARGETED_DEVICE_FAMILY = "1,2";
				TEST_HOST = "$(BUILT_PRODUCTS_DIR)/Cookbook.app/Cookbook";
			};
			name = Release;
		};
/* End XCBuildConfiguration section */

/* Begin XCConfigurationList section */
		E2BF7FAF26E9109400776BC2 /* Build configuration list for PBXProject "Cookbook" */ = {
			isa = XCConfigurationList;
			buildConfigurations = (
				E2BF7FC626E9109500776BC2 /* Debug */,
				E2BF7FC726E9109500776BC2 /* Release */,
			);
			defaultConfigurationIsVisible = 0;
			defaultConfigurationName = Release;
		};
		E2BF7FC826E9109500776BC2 /* Build configuration list for PBXNativeTarget "Cookbook" */ = {
			isa = XCConfigurationList;
			buildConfigurations = (
				E2BF7FC926E9109500776BC2 /* Debug */,
				E2BF7FCA26E9109500776BC2 /* Release */,
			);
			defaultConfigurationIsVisible = 0;
			defaultConfigurationName = Release;
		};
		E2BF7FEF26EA4FB100776BC2 /* Build configuration list for PBXNativeTarget "CookbookTests" */ = {
			isa = XCConfigurationList;
			buildConfigurations = (
				E2BF7FF026EA4FB100776BC2 /* Debug */,
				E2BF7FF126EA4FB100776BC2 /* Release */,
			);
			defaultConfigurationIsVisible = 0;
			defaultConfigurationName = Release;
		};
/* End XCConfigurationList section */
	};
	rootObject = E2BF7FAC26E9109400776BC2 /* Project object */;
}
